
Microsoft Visual Studio Solution File, Format Version 12.00
# Visual Studio Version 16
VisualStudioVersion = 16.0.31105.61
MinimumVisualStudioVersion = 10.0.40219.1
Project("{FAE04EC0-301F-11D3-BF4B-00C04F79EFBC}") = "Borsa App 3", "Borsa App 3\Borsa App 3.csproj", "{50031435-0D94-45DC-B4B9-944960FB3732}"
EndProject
Global
	GlobalSection(SolutionConfigurationPlatforms) = preSolution
		Debug|Any CPU = Debug|Any CPU
		Release|Any CPU = Release|Any CPU
	EndGlobalSection
	GlobalSection(ProjectConfigurationPlatforms) = postSolution
		{50031435-0D94-45DC-B4B9-944960FB3732}.Debug|Any CPU.ActiveCfg = Debug|Any CPU
		{50031435-0D94-45DC-B4B9-944960FB3732}.Debug|Any CPU.Build.0 = Debug|Any CPU
		{50031435-0D94-45DC-B4B9-944960FB3732}.Release|Any CPU.ActiveCfg = Release|Any CPU
		{50031435-0D94-45DC-B4B9-944960FB3732}.Release|Any CPU.Build.0 = Release|Any CPU
	EndGlobalSection
	GlobalSection(SolutionProperties) = preSolution
		HideSolutionNode = FALSE
	EndGlobalSection
	GlobalSection(ExtensibilityGlobals) = postSolution
		SolutionGuid = {EFCDACF9-2C14-4341-9B6C-7E0E67A46019}
	EndGlobalSection
EndGlobal
